
Microsoft Visual Studio Solution File, Format Version 12.00
# Visual Studio Version 16
VisualStudioVersion = 16.0.29806.167
MinimumVisualStudioVersion = 10.0.40219.1
Project("{9A19103F-16F7-4668-BE54-9A1E7A4F7556}") = "FChat.WebApp", "FChat.WebApp\FChat.WebApp.csproj", "{E2A64E1A-F0FF-4EED-A6A1-C0CC0791179D}"
EndProject
Project("{9A19103F-16F7-4668-BE54-9A1E7A4F7556}") = "FChat.DataModel", "FChat.DataModel\FChat.DataModel.csproj", "{A0D67890-A9DF-4C25-B6E2-8C6B8A51B900}"
EndProject
Project("{9A19103F-16F7-4668-BE54-9A1E7A4F7556}") = "FChat.DataAccess", "FChat.DataAccess\FChat.DataAccess.csproj", "{E33CE869-603E-48A5-8A13-7CCB5E618B62}"
EndProject
Project("{9A19103F-16F7-4668-BE54-9A1E7A4F7556}") = "FChat.DataService", "FChat.DataService\FChat.DataService.csproj", "{F45FDC2D-5506-46F1-8B2C-E7DA9D3830D5}"
EndProject
Project("{9A19103F-16F7-4668-BE54-9A1E7A4F7556}") = "FChat.Testing", "FChat.Testing\FChat.Testing.csproj", "{C00A3277-2642-4A27-B4F0-A753C24AECB7}"
EndProject
Global
	GlobalSection(SolutionConfigurationPlatforms) = preSolution
		Debug|Any CPU = Debug|Any CPU
		Release|Any CPU = Release|Any CPU
	EndGlobalSection
	GlobalSection(ProjectConfigurationPlatforms) = postSolution
		{E2A64E1A-F0FF-4EED-A6A1-C0CC0791179D}.Debug|Any CPU.ActiveCfg = Debug|Any CPU
		{E2A64E1A-F0FF-4EED-A6A1-C0CC0791179D}.Debug|Any CPU.Build.0 = Debug|Any CPU
		{E2A64E1A-F0FF-4EED-A6A1-C0CC0791179D}.Release|Any CPU.ActiveCfg = Release|Any CPU
		{E2A64E1A-F0FF-4EED-A6A1-C0CC0791179D}.Release|Any CPU.Build.0 = Release|Any CPU
		{A0D67890-A9DF-4C25-B6E2-8C6B8A51B900}.Debug|Any CPU.ActiveCfg = Debug|Any CPU
		{A0D67890-A9DF-4C25-B6E2-8C6B8A51B900}.Debug|Any CPU.Build.0 = Debug|Any CPU
		{A0D67890-A9DF-4C25-B6E2-8C6B8A51B900}.Release|Any CPU.ActiveCfg = Release|Any CPU
		{A0D67890-A9DF-4C25-B6E2-8C6B8A51B900}.Release|Any CPU.Build.0 = Release|Any CPU
		{E33CE869-603E-48A5-8A13-7CCB5E618B62}.Debug|Any CPU.ActiveCfg = Debug|Any CPU
		{E33CE869-603E-48A5-8A13-7CCB5E618B62}.Debug|Any CPU.Build.0 = Debug|Any CPU
		{E33CE869-603E-48A5-8A13-7CCB5E618B62}.Release|Any CPU.ActiveCfg = Release|Any CPU
		{E33CE869-603E-48A5-8A13-7CCB5E618B62}.Release|Any CPU.Build.0 = Release|Any CPU
		{F45FDC2D-5506-46F1-8B2C-E7DA9D3830D5}.Debug|Any CPU.ActiveCfg = Debug|Any CPU
		{F45FDC2D-5506-46F1-8B2C-E7DA9D3830D5}.Debug|Any CPU.Build.0 = Debug|Any CPU
		{F45FDC2D-5506-46F1-8B2C-E7DA9D3830D5}.Release|Any CPU.ActiveCfg = Release|Any CPU
		{F45FDC2D-5506-46F1-8B2C-E7DA9D3830D5}.Release|Any CPU.Build.0 = Release|Any CPU
		{C00A3277-2642-4A27-B4F0-A753C24AECB7}.Debug|Any CPU.ActiveCfg = Debug|Any CPU
		{C00A3277-2642-4A27-B4F0-A753C24AECB7}.Debug|Any CPU.Build.0 = Debug|Any CPU
		{C00A3277-2642-4A27-B4F0-A753C24AECB7}.Release|Any CPU.ActiveCfg = Release|Any CPU
		{C00A3277-2642-4A27-B4F0-A753C24AECB7}.Release|Any CPU.Build.0 = Release|Any CPU
	EndGlobalSection
	GlobalSection(SolutionProperties) = preSolution
		HideSolutionNode = FALSE
	EndGlobalSection
	GlobalSection(ExtensibilityGlobals) = postSolution
		SolutionGuid = {0F8B5E1F-98A4-4EF7-8937-F74598774E13}
	EndGlobalSection
EndGlobal
